Microsoft Visual Studio Solution File, Format Version 12.00
# Visual Studio Version 17
VisualStudioVersion = 17.0.31314.256
MinimumVisualStudioVersion = 10.0.40219.1
Project("{FAE04EC0-301F-11D3-BF4B-00C04F79EFBC}") = "AutomationTool", "..\..\..\..\Programs\EpicGames\UE_5.8\Engine\Source\Programs\AutomationTool\AutomationTool.csproj", "{79FBED99-72C1-3F24-BFBD-005753BA25E9}"
EndProject
Project("{FAE04EC0-301F-11D3-BF4B-00C04F79EFBC}") = "VisionOS.Automation", "..\..\..\..\Programs\EpicGames\UE_5.8\Engine\Platforms\VisionOS\Source\Programs\AutomationTool\VisionOS.Automation.csproj", "{CE7A74E5-1A44-3C8B-9CA7-17DFC2C3075C}"
EndProject
Project("{FAE04EC0-301F-11D3-BF4B-00C04F79EFBC}") = "Android.Automation", "..\..\..\..\Programs\EpicGames\UE_5.8\Engine\Source\Programs\AutomationTool\Android\Android.Automation.csproj", "{ADC3953B-153C-3B54-BD05-D131AE379AB9}"
EndProject
Project("{FAE04EC0-301F-11D3-BF4B-00C04F79EFBC}") = "Apple.Automation", "..\..\..\..\Programs\EpicGames\UE_5.8\Engine\Source\Programs\AutomationTool\Apple\Apple.Automation.csproj", "{177C5F2F-FD4F-3B7F-B0CE-ED10F381F520}"
EndProject
Project("{FAE04EC0-301F-11D3-BF4B-00C04F79EFBC}") = "AutomationUtils.Automation", "..\..\..\..\Programs\EpicGames\UE_5.8\Engine\Source\Programs\AutomationTool\AutomationUtils\AutomationUtils.Automation.csproj", "{0DF36970-5A0B-3DCE-8E44-20CB98A3ACDA}"
EndProject
Project("{FAE04EC0-301F-11D3-BF4B-00C04F79EFBC}") = "BuildGraph.Automation", "..\..\..\..\Programs\EpicGames\UE_5.8\Engine\Source\Programs\AutomationTool\BuildGraph\BuildGraph.Automation.csproj", "{80E8C5D8-A2BD-3907-A34D-0C46CD4C8A21}"
EndProject
Project("{FAE04EC0-301F-11D3-BF4B-00C04F79EFBC}") = "CookedEditor.Automation", "..\..\..\..\Programs\EpicGames\UE_5.8\Engine\Source\Programs\AutomationTool\CookedEditor\CookedEditor.Automation.csproj", "{7ADDC54E-099B-36FC-BE29-5DA519079B28}"
EndProject
Project("{FAE04EC0-301F-11D3-BF4B-00C04F79EFBC}") = "CrowdinLocalization.Automation", "..\..\..\..\Programs\EpicGames\UE_5.8\Engine\Source\Programs\AutomationTool\CrowdinLocalization\CrowdinLocalization.Automation.csproj", "{0F0F381D-6615-3E3D-93AD-B9D449E4D163}"
EndProject
Project("{FAE04EC0-301F-11D3-BF4B-00C04F79EFBC}") = "Gauntlet.Automation", "..\..\..\..\Programs\EpicGames\UE_5.8\Engine\Source\Programs\AutomationTool\Gauntlet\Gauntlet.Automation.csproj", "{0E28B894-41C6-3978-AF0E-707D98187F06}"
EndProject
Project("{FAE04EC0-301F-11D3-BF4B-00C04F79EFBC}") = "Insights.Automation", "..\..\..\..\Programs\EpicGames\UE_5.8\Engine\Source\Programs\AutomationTool\Insights\Insights.Automation.csproj", "{023F028D-B157-39BE-971B-D9F053035B03}"
EndProject
Project("{FAE04EC0-301F-11D3-BF4B-00C04F79EFBC}") = "IOS.Automation", "..\..\..\..\Programs\EpicGames\UE_5.8\Engine\Source\Programs\AutomationTool\IOS\IOS.Automation.csproj", "{AEA3EC68-8F6E-3268-A201-0FCA4DF7D999}"
EndProject
Project("{FAE04EC0-301F-11D3-BF4B-00C04F79EFBC}") = "Linux.Automation", "..\..\..\..\Programs\EpicGames\UE_5.8\Engine\Source\Programs\AutomationTool\Linux\Linux.Automation.csproj", "{09D9AF86-587D-3958-996F-17445CEA0545}"
EndProject
Project("{FAE04EC0-301F-11D3-BF4B-00C04F79EFBC}") = "LiveLinkHub.Automation", "..\..\..\..\Programs\EpicGames\UE_5.8\Engine\Source\Programs\AutomationTool\LiveLinkHub\LiveLinkHub.Automation.csproj", "{C32FB10A-16F8-3597-A58C-B89F2198E832}"
EndProject
Project("{FAE04EC0-301F-11D3-BF4B-00C04F79EFBC}") = "Localization.Automation", "..\..\..\..\Programs\EpicGames\UE_5.8\Engine\Source\Programs\AutomationTool\Localization\Localization.Automation.csproj", "{BA99CBC3-D48A-3674-BE8D-3719DC2B6E31}"
EndProject
Project("{FAE04EC0-301F-11D3-BF4B-00C04F79EFBC}") = "LowLevelTests.Automation", "..\..\..\..\Programs\EpicGames\UE_5.8\Engine\Source\Programs\AutomationTool\LowLevelTests\LowLevelTests.Automation.csproj", "{D4927467-D867-3C42-B9A2-CDACE26221E1}"
EndProject
Project("{FAE04EC0-301F-11D3-BF4B-00C04F79EFBC}") = "Mac.Automation", "..\..\..\..\Programs\EpicGames\UE_5.8\Engine\Source\Programs\AutomationTool\Mac\Mac.Automation.csproj", "{764091D9-7A9B-3200-8299-FB51AB5F76F0}"
EndProject
Project("{FAE04EC0-301F-11D3-BF4B-00C04F79EFBC}") = "Microsoft.Automation", "..\..\..\..\Programs\EpicGames\UE_5.8\Engine\Source\Programs\AutomationTool\Microsoft\Microsoft.Automation.csproj", "{BF6385DF-243F-3CB8-B750-B3B8FF81D410}"
EndProject
Project("{FAE04EC0-301F-11D3-BF4B-00C04F79EFBC}") = "Mutable.Automation", "..\..\..\..\Programs\EpicGames\UE_5.8\Engine\Source\Programs\AutomationTool\Mutable\Mutable.Automation.csproj", "{EC9D886C-9C6A-3327-BD42-999290588C75}"
EndProject
Project("{FAE04EC0-301F-11D3-BF4B-00C04F79EFBC}") = "OneSkyLocalization.Automation", "..\..\..\..\Programs\EpicGames\UE_5.8\Engine\Source\Programs\AutomationTool\OneSkyLocalization\OneSkyLocalization.Automation.csproj", "{8D849FBC-215E-30E3-83C5-D73A38A4EB2B}"
EndProject
Project("{FAE04EC0-301F-11D3-BF4B-00C04F79EFBC}") = "AutomationScripts.Automation", "..\..\..\..\Programs\EpicGames\UE_5.8\Engine\Source\Programs\AutomationTool\Scripts\AutomationScripts.Automation.csproj", "{983CA9A6-8CCB-37B2-B2CA-C6F748F30DE4}"
EndProject
Project("{FAE04EC0-301F-11D3-BF4B-00C04F79EFBC}") = "SmartlingLocalization.Automation", "..\..\..\..\Programs\EpicGames\UE_5.8\Engine\Source\Programs\AutomationTool\SmartlingLocalization\SmartlingLocalization.Automation.csproj", "{28D2403C-4499-321D-801A-6A2BAE79A351}"
EndProject
Project("{FAE04EC0-301F-11D3-BF4B-00C04F79EFBC}") = "SteamDeck.Automation", "..\..\..\..\Programs\EpicGames\UE_5.8\Engine\Source\Programs\AutomationTool\SteamDeck\SteamDeck.Automation.csproj", "{C9660CAB-5A14-3BAF-B889-35D9133B2A45}"
EndProject
Project("{FAE04EC0-301F-11D3-BF4B-00C04F79EFBC}") = "Turnkey.Automation", "..\..\..\..\Programs\EpicGames\UE_5.8\Engine\Source\Programs\AutomationTool\Turnkey\Turnkey.Automation.csproj", "{3ED2FD9B-F030-34E0-861C-50C679E09784}"
EndProject
Project("{FAE04EC0-301F-11D3-BF4B-00C04F79EFBC}") = "TVOS.Automation", "..\..\..\..\Programs\EpicGames\UE_5.8\Engine\Source\Programs\AutomationTool\TVOS\TVOS.Automation.csproj", "{B1BD2FED-439C-3669-B795-A5880B7DE5FF}"
EndProject
Project("{FAE04EC0-301F-11D3-BF4B-00C04F79EFBC}") = "Win.Automation", "..\..\..\..\Programs\EpicGames\UE_5.8\Engine\Source\Programs\AutomationTool\Win\Win.Automation.csproj", "{A1A38A8D-1977-331E-B618-9539B210BB32}"
EndProject
Project("{FAE04EC0-301F-11D3-BF4B-00C04F79EFBC}") = "XLocLocalization.Automation", "..\..\..\..\Programs\EpicGames\UE_5.8\Engine\Source\Programs\AutomationTool\XLocLocalization\XLocLocalization.Automation.csproj", "{67AB5158-B4CC-33AE-9BC4-9DCBC2454F6F}"
EndProject
Project("{2150E333-8FDC-42A3-9474-1A3956D46DE8}") = "Dependencies", "Dependencies", "{58A72724-8CB8-3260-8ADB-0161BCAC3D64}"
EndProject
Project("{FAE04EC0-301F-11D3-BF4B-00C04F79EFBC}") = "EpicGames.BuildGraph", "..\..\..\..\Programs\EpicGames\UE_5.8\Engine\Source\Programs\Shared\EpicGames.BuildGraph\EpicGames.BuildGraph.csproj", "{A193CED6-D174-343A-952E-7236DD7F9887}"
EndProject
Project("{FAE04EC0-301F-11D3-BF4B-00C04F79EFBC}") = "EpicGames.Build", "..\..\..\..\Programs\EpicGames\UE_5.8\Engine\Source\Programs\Shared\EpicGames.Build\EpicGames.Build.csproj", "{9AB6C642-E487-3D2B-B601-1D42C2767D75}"
EndProject
Project("{FAE04EC0-301F-11D3-BF4B-00C04F79EFBC}") = "EpicGames.LogMatchers", "..\..\..\..\Programs\EpicGames\UE_5.8\Engine\Source\Programs\Shared\EpicGames.LogMatchers\EpicGames.LogMatchers.csproj", "{943213EE-C2B8-3322-B179-64ECF4CE629E}"
EndProject
Project("{FAE04EC0-301F-11D3-BF4B-00C04F79EFBC}") = "EpicGames.ProjectStore", "..\..\..\..\Programs\EpicGames\UE_5.8\Engine\Source\Programs\Shared\EpicGames.ProjectStore\EpicGames.ProjectStore.csproj", "{F3084B14-C16B-32AA-AC8C-0E063EA05C4D}"
EndProject
Project("{FAE04EC0-301F-11D3-BF4B-00C04F79EFBC}") = "EpicGames.Perforce", "..\..\..\..\Programs\EpicGames\UE_5.8\Engine\Source\Programs\Shared\EpicGames.Perforce\EpicGames.Perforce.csproj", "{41670359-0D18-3906-A58B-966C559C2EC4}"
EndProject
Project("{FAE04EC0-301F-11D3-BF4B-00C04F79EFBC}") = "EpicGames.Core", "..\..\..\..\Programs\EpicGames\UE_5.8\Engine\Source\Programs\Shared\EpicGames.Core\EpicGames.Core.csproj", "{3C4BA753-5961-3F75-B605-99F7D35C7A37}"
EndProject
Project("{FAE04EC0-301F-11D3-BF4B-00C04F79EFBC}") = "EpicGames.Horde", "..\..\..\..\Programs\EpicGames\UE_5.8\Engine\Source\Programs\Shared\EpicGames.Horde\EpicGames.Horde.csproj", "{8FCDD6E6-1747-3E1E-BE5B-0B32B58287E3}"
EndProject
Project("{FAE04EC0-301F-11D3-BF4B-00C04F79EFBC}") = "UnrealBuildTool", "..\..\..\..\Programs\EpicGames\UE_5.8\Engine\Source\Programs\UnrealBuildTool\UnrealBuildTool.csproj", "{5A625441-F75F-3362-ABA1-0F54FFB984AF}"
EndProject
Project("{FAE04EC0-301F-11D3-BF4B-00C04F79EFBC}") = "EpicGames.OIDC", "..\..\..\..\Programs\EpicGames\UE_5.8\Engine\Source\Programs\Shared\EpicGames.OIDC\EpicGames.OIDC.csproj", "{71B39311-5B32-3776-A19C-43B39F824745}"
EndProject
Project("{FAE04EC0-301F-11D3-BF4B-00C04F79EFBC}") = "EpicGames.IoHash", "..\..\..\..\Programs\EpicGames\UE_5.8\Engine\Source\Programs\Shared\EpicGames.IoHash\EpicGames.IoHash.csproj", "{715F1C40-781D-3712-A027-D6779FBF0C88}"
EndProject
Project("{FAE04EC0-301F-11D3-BF4B-00C04F79EFBC}") = "EpicGames.MsBuild", "..\..\..\..\Programs\EpicGames\UE_5.8\Engine\Source\Programs\Shared\EpicGames.MsBuild\EpicGames.MsBuild.csproj", "{797806FB-9BB7-3867-AAD7-0B230AAD133F}"
EndProject
Project("{FAE04EC0-301F-11D3-BF4B-00C04F79EFBC}") = "EpicGames.Analytics.Telemetry", "..\..\..\..\Programs\EpicGames\UE_5.8\Engine\Source\Programs\Shared\EpicGames.Analytics.Telemetry\EpicGames.Analytics.Telemetry.csproj", "{B6A8CFD9-B5EF-34DB-AC72-49EC1AFE842F}"
EndProject
Project("{FAE04EC0-301F-11D3-BF4B-00C04F79EFBC}") = "EpicGames.Perforce.Managed", "..\..\..\..\Programs\EpicGames\UE_5.8\Engine\Source\Programs\Shared\EpicGames.Perforce.Managed\EpicGames.Perforce.Managed.csproj", "{42D24B7D-9188-3178-AB46-682CF23909D9}"
EndProject
Project("{FAE04EC0-301F-11D3-BF4B-00C04F79EFBC}") = "EpicGames.Oodle", "..\..\..\..\Programs\EpicGames\UE_5.8\Engine\Source\Programs\Shared\EpicGames.Oodle\EpicGames.Oodle.csproj", "{B4786EC2-771B-399D-8D24-E23D396D1CCE}"
EndProject
Project("{FAE04EC0-301F-11D3-BF4B-00C04F79EFBC}") = "EpicGames.Serialization", "..\..\..\..\Programs\EpicGames\UE_5.8\Engine\Source\Programs\Shared\EpicGames.Serialization\EpicGames.Serialization.csproj", "{050F98D5-DE52-37A9-992D-E17FF1CC452E}"
EndProject
Project("{FAE04EC0-301F-11D3-BF4B-00C04F79EFBC}") = "EpicGames.UBA", "..\..\..\..\Programs\EpicGames\UE_5.8\Engine\Source\Programs\Shared\EpicGames.UBA\EpicGames.UBA.csproj", "{7CB040F6-A771-3427-9417-2D416D4AD0A2}"
EndProject
Project("{FAE04EC0-301F-11D3-BF4B-00C04F79EFBC}") = "EpicGames.UHT", "..\..\..\..\Programs\EpicGames\UE_5.8\Engine\Source\Programs\Shared\EpicGames.UHT\EpicGames.UHT.csproj", "{8554AD56-5332-3DBE-984D-1DE2AD547230}"
EndProject
Project("{FAE04EC0-301F-11D3-BF4B-00C04F79EFBC}") = "EpicGames.Perforce.Fixture", "..\..\..\..\Programs\EpicGames\UE_5.8\Engine\Source\Programs\Shared\EpicGames.Perforce.Fixture\EpicGames.Perforce.Fixture.csproj", "{D69E610B-46B1-3CEE-84FF-A069BE094CB0}"
EndProject
Project("{2150E333-8FDC-42A3-9474-1A3956D46DE8}") = "Tests", "Tests", "{63F96FAF-71A6-3DD6-AF0D-64B1504528FF}"
EndProject
Project("{FAE04EC0-301F-11D3-BF4B-00C04F79EFBC}") = "EpicGames.Build.Tests", "..\..\..\..\Programs\EpicGames\UE_5.8\Engine\Source\Programs\Shared\EpicGames.Build.Tests\EpicGames.Build.Tests.csproj", "{C6963B69-F95E-30AA-88D1-AA34E204E812}"
EndProject
Project("{FAE04EC0-301F-11D3-BF4B-00C04F79EFBC}") = "EpicGames.Perforce.Tests", "..\..\..\..\Programs\EpicGames\UE_5.8\Engine\Source\Programs\Shared\EpicGames.Perforce.Tests\EpicGames.Perforce.Tests.csproj", "{F4C2938D-2E9F-3717-90E8-8537A4F604E2}"
EndProject
Project("{FAE04EC0-301F-11D3-BF4B-00C04F79EFBC}") = "EpicGames.BuildGraph.Tests", "..\..\..\..\Programs\EpicGames\UE_5.8\Engine\Source\Programs\Shared\EpicGames.BuildGraph.Tests\EpicGames.BuildGraph.Tests.csproj", "{5E35D255-334C-377B-87B8-838970D91B8D}"
EndProject
Project("{FAE04EC0-301F-11D3-BF4B-00C04F79EFBC}") = "EpicGames.LogMatchers.Tests", "..\..\..\..\Programs\EpicGames\UE_5.8\Engine\Source\Programs\Shared\EpicGames.LogMatchers.Tests\EpicGames.LogMatchers.Tests.csproj", "{F1847E4E-44D6-366C-BA8D-D2EEE22A2CD0}"
EndProject
Project("{FAE04EC0-301F-11D3-BF4B-00C04F79EFBC}") = "EpicGames.Horde.Tests", "..\..\..\..\Programs\EpicGames\UE_5.8\Engine\Source\Programs\Shared\EpicGames.Horde.Tests\EpicGames.Horde.Tests.csproj", "{F4A7E1F8-A7E2-3DFF-81B3-79DDB9338E93}"
EndProject
Project("{FAE04EC0-301F-11D3-BF4B-00C04F79EFBC}") = "EpicGames.Core.Tests", "..\..\..\..\Programs\EpicGames\UE_5.8\Engine\Source\Programs\Shared\EpicGames.Core.Tests\EpicGames.Core.Tests.csproj", "{E931119A-06EF-3E66-9D40-1AB8CD982F35}"
EndProject
Project("{FAE04EC0-301F-11D3-BF4B-00C04F79EFBC}") = "EpicGames.Perforce.Managed.Tests", "..\..\..\..\Programs\EpicGames\UE_5.8\Engine\Source\Programs\Shared\EpicGames.Perforce.Managed.Tests\EpicGames.Perforce.Managed.Tests.csproj", "{8FCC7B09-0E03-3D4D-AEDE-3D6273101BB5}"
EndProject
Project("{FAE04EC0-301F-11D3-BF4B-00C04F79EFBC}") = "EpicGames.IoHash.Tests", "..\..\..\..\Programs\EpicGames\UE_5.8\Engine\Source\Programs\Shared\EpicGames.IoHash.Tests\EpicGames.IoHash.Tests.csproj", "{137469B7-AEEB-321C-96B1-BFAD8E639B95}"
EndProject
Project("{FAE04EC0-301F-11D3-BF4B-00C04F79EFBC}") = "EpicGames.Serialization.Tests", "..\..\..\..\Programs\EpicGames\UE_5.8\Engine\Source\Programs\Shared\EpicGames.Serialization.Tests\EpicGames.Serialization.Tests.csproj", "{A962FAAC-581A-3A4A-8BE6-9E61DB264B26}"
EndProject
Global
	GlobalSection(SolutionConfigurationPlatforms) = preSolution
		Analyze|Any CPU = Analyze|Any CPU
		Debug|Any CPU = Debug|Any CPU
		Development|Any CPU = Development|Any CPU
		Release|Any CPU = Release|Any CPU
	EndGlobalSection
	GlobalSection(ProjectConfigurationPlatforms) = postSolution
		{79FBED99-72C1-3F24-BFBD-005753BA25E9}.Analyze|Any CPU.ActiveCfg = Analyze|Any CPU
		{79FBED99-72C1-3F24-BFBD-005753BA25E9}.Analyze|Any CPU.Build.0 = Analyze|Any CPU
		{79FBED99-72C1-3F24-BFBD-005753BA25E9}.Debug|Any CPU.ActiveCfg = Debug|Any CPU
		{79FBED99-72C1-3F24-BFBD-005753BA25E9}.Debug|Any CPU.Build.0 = Debug|Any CPU
		{79FBED99-72C1-3F24-BFBD-005753BA25E9}.Development|Any CPU.ActiveCfg = Development|Any CPU
		{79FBED99-72C1-3F24-BFBD-005753BA25E9}.Development|Any CPU.Build.0 = Development|Any CPU
		{79FBED99-72C1-3F24-BFBD-005753BA25E9}.Release|Any CPU.ActiveCfg = Release|Any CPU
		{79FBED99-72C1-3F24-BFBD-005753BA25E9}.Release|Any CPU.Build.0 = Release|Any CPU
		{CE7A74E5-1A44-3C8B-9CA7-17DFC2C3075C}.Analyze|Any CPU.ActiveCfg = Analyze|Any CPU
		{CE7A74E5-1A44-3C8B-9CA7-17DFC2C3075C}.Analyze|Any CPU.Build.0 = Analyze|Any CPU
		{CE7A74E5-1A44-3C8B-9CA7-17DFC2C3075C}.Debug|Any CPU.ActiveCfg = Debug|Any CPU
		{CE7A74E5-1A44-3C8B-9CA7-17DFC2C3075C}.Debug|Any CPU.Build.0 = Debug|Any CPU
		{CE7A74E5-1A44-3C8B-9CA7-17DFC2C3075C}.Development|Any CPU.ActiveCfg = Development|Any CPU
		{CE7A74E5-1A44-3C8B-9CA7-17DFC2C3075C}.Development|Any CPU.Build.0 = Development|Any CPU
		{CE7A74E5-1A44-3C8B-9CA7-17DFC2C3075C}.Release|Any CPU.ActiveCfg = Release|Any CPU
		{CE7A74E5-1A44-3C8B-9CA7-17DFC2C3075C}.Release|Any CPU.Build.0 = Release|Any CPU
		{ADC3953B-153C-3B54-BD05-D131AE379AB9}.Analyze|Any CPU.ActiveCfg = Analyze|Any CPU
		{ADC3953B-153C-3B54-BD05-D131AE379AB9}.Analyze|Any CPU.Build.0 = Analyze|Any CPU
		{ADC3953B-153C-3B54-BD05-D131AE379AB9}.Debug|Any CPU.ActiveCfg = Debug|Any CPU
		{ADC3953B-153C-3B54-BD05-D131AE379AB9}.Debug|Any CPU.Build.0 = Debug|Any CPU
		{ADC3953B-153C-3B54-BD05-D131AE379AB9}.Development|Any CPU.ActiveCfg = Development|Any CPU
		{ADC3953B-153C-3B54-BD05-D131AE379AB9}.Development|Any CPU.Build.0 = Development|Any CPU
		{ADC3953B-153C-3B54-BD05-D131AE379AB9}.Release|Any CPU.ActiveCfg = Release|Any CPU
		{ADC3953B-153C-3B54-BD05-D131AE379AB9}.Release|Any CPU.Build.0 = Release|Any CPU
		{177C5F2F-FD4F-3B7F-B0CE-ED10F381F520}.Analyze|Any CPU.ActiveCfg = Analyze|Any CPU
		{177C5F2F-FD4F-3B7F-B0CE-ED10F381F520}.Analyze|Any CPU.Build.0 = Analyze|Any CPU
		{177C5F2F-FD4F-3B7F-B0CE-ED10F381F520}.Debug|Any CPU.ActiveCfg = Debug|Any CPU
		{177C5F2F-FD4F-3B7F-B0CE-ED10F381F520}.Debug|Any CPU.Build.0 = Debug|Any CPU
		{177C5F2F-FD4F-3B7F-B0CE-ED10F381F520}.Development|Any CPU.ActiveCfg = Development|Any CPU
		{177C5F2F-FD4F-3B7F-B0CE-ED10F381F520}.Development|Any CPU.Build.0 = Development|Any CPU
		{177C5F2F-FD4F-3B7F-B0CE-ED10F381F520}.Release|Any CPU.ActiveCfg = Release|Any CPU
		{177C5F2F-FD4F-3B7F-B0CE-ED10F381F520}.Release|Any CPU.Build.0 = Release|Any CPU
		{0DF36970-5A0B-3DCE-8E44-20CB98A3ACDA}.Analyze|Any CPU.ActiveCfg = Analyze|Any CPU
		{0DF36970-5A0B-3DCE-8E44-20CB98A3ACDA}.Analyze|Any CPU.Build.0 = Analyze|Any CPU
		{0DF36970-5A0B-3DCE-8E44-20CB98A3ACDA}.Debug|Any CPU.ActiveCfg = Debug|Any CPU
		{0DF36970-5A0B-3DCE-8E44-20CB98A3ACDA}.Debug|Any CPU.Build.0 = Debug|Any CPU
		{0DF36970-5A0B-3DCE-8E44-20CB98A3ACDA}.Development|Any CPU.ActiveCfg = Development|Any CPU
		{0DF36970-5A0B-3DCE-8E44-20CB98A3ACDA}.Development|Any CPU.Build.0 = Development|Any CPU
		{0DF36970-5A0B-3DCE-8E44-20CB98A3ACDA}.Release|Any CPU.ActiveCfg = Release|Any CPU
		{0DF36970-5A0B-3DCE-8E44-20CB98A3ACDA}.Release|Any CPU.Build.0 = Release|Any CPU
		{80E8C5D8-A2BD-3907-A34D-0C46CD4C8A21}.Analyze|Any CPU.ActiveCfg = Analyze|Any CPU
		{80E8C5D8-A2BD-3907-A34D-0C46CD4C8A21}.Analyze|Any CPU.Build.0 = Analyze|Any CPU
		{80E8C5D8-A2BD-3907-A34D-0C46CD4C8A21}.Debug|Any CPU.ActiveCfg = Debug|Any CPU
		{80E8C5D8-A2BD-3907-A34D-0C46CD4C8A21}.Debug|Any CPU.Build.0 = Debug|Any CPU
		{80E8C5D8-A2BD-3907-A34D-0C46CD4C8A21}.Development|Any CPU.ActiveCfg = Development|Any CPU
		{80E8C5D8-A2BD-3907-A34D-0C46CD4C8A21}.Development|Any CPU.Build.0 = Development|Any CPU
		{80E8C5D8-A2BD-3907-A34D-0C46CD4C8A21}.Release|Any CPU.ActiveCfg = Release|Any CPU
		{80E8C5D8-A2BD-3907-A34D-0C46CD4C8A21}.Release|Any CPU.Build.0 = Release|Any CPU
		{7ADDC54E-099B-36FC-BE29-5DA519079B28}.Analyze|Any CPU.ActiveCfg = Analyze|Any CPU
		{7ADDC54E-099B-36FC-BE29-5DA519079B28}.Analyze|Any CPU.Build.0 = Analyze|Any CPU
		{7ADDC54E-099B-36FC-BE29-5DA519079B28}.Debug|Any CPU.ActiveCfg = Debug|Any CPU
		{7ADDC54E-099B-36FC-BE29-5DA519079B28}.Debug|Any CPU.Build.0 = Debug|Any CPU
		{7ADDC54E-099B-36FC-BE29-5DA519079B28}.Development|Any CPU.ActiveCfg = Development|Any CPU
		{7ADDC54E-099B-36FC-BE29-5DA519079B28}.Development|Any CPU.Build.0 = Development|Any CPU
		{7ADDC54E-099B-36FC-BE29-5DA519079B28}.Release|Any CPU.ActiveCfg = Release|Any CPU
		{7ADDC54E-099B-36FC-BE29-5DA519079B28}.Release|Any CPU.Build.0 = Release|Any CPU
		{0F0F381D-6615-3E3D-93AD-B9D449E4D163}.Analyze|Any CPU.ActiveCfg = Analyze|Any CPU
		{0F0F381D-6615-3E3D-93AD-B9D449E4D163}.Analyze|Any CPU.Build.0 = Analyze|Any CPU
		{0F0F381D-6615-3E3D-93AD-B9D449E4D163}.Debug|Any CPU.ActiveCfg = Debug|Any CPU
		{0F0F381D-6615-3E3D-93AD-B9D449E4D163}.Debug|Any CPU.Build.0 = Debug|Any CPU
		{0F0F381D-6615-3E3D-93AD-B9D449E4D163}.Development|Any CPU.ActiveCfg = Development|Any CPU
		{0F0F381D-6615-3E3D-93AD-B9D449E4D163}.Development|Any CPU.Build.0 = Development|Any CPU
		{0F0F381D-6615-3E3D-93AD-B9D449E4D163}.Release|Any CPU.ActiveCfg = Release|Any CPU
		{0F0F381D-6615-3E3D-93AD-B9D449E4D163}.Release|Any CPU.Build.0 = Release|Any CPU
		{0E28B894-41C6-3978-AF0E-707D98187F06}.Analyze|Any CPU.ActiveCfg = Analyze|Any CPU
		{0E28B894-41C6-3978-AF0E-707D98187F06}.Analyze|Any CPU.Build.0 = Analyze|Any CPU
		{0E28B894-41C6-3978-AF0E-707D98187F06}.Debug|Any CPU.ActiveCfg = Debug|Any CPU
		{0E28B894-41C6-3978-AF0E-707D98187F06}.Debug|Any CPU.Build.0 = Debug|Any CPU
		{0E28B894-41C6-3978-AF0E-707D98187F06}.Development|Any CPU.ActiveCfg = Development|Any CPU
		{0E28B894-41C6-3978-AF0E-707D98187F06}.Development|Any CPU.Build.0 = Development|Any CPU
		{0E28B894-41C6-3978-AF0E-707D98187F06}.Release|Any CPU.ActiveCfg = Release|Any CPU
		{0E28B894-41C6-3978-AF0E-707D98187F06}.Release|Any CPU.Build.0 = Release|Any CPU
		{023F028D-B157-39BE-971B-D9F053035B03}.Analyze|Any CPU.ActiveCfg = Analyze|Any CPU
		{023F028D-B157-39BE-971B-D9F053035B03}.Analyze|Any CPU.Build.0 = Analyze|Any CPU
		{023F028D-B157-39BE-971B-D9F053035B03}.Debug|Any CPU.ActiveCfg = Debug|Any CPU
		{023F028D-B157-39BE-971B-D9F053035B03}.Debug|Any CPU.Build.0 = Debug|Any CPU
		{023F028D-B157-39BE-971B-D9F053035B03}.Development|Any CPU.ActiveCfg = Development|Any CPU
		{023F028D-B157-39BE-971B-D9F053035B03}.Development|Any CPU.Build.0 = Development|Any CPU
		{023F028D-B157-39BE-971B-D9F053035B03}.Release|Any CPU.ActiveCfg = Release|Any CPU
		{023F028D-B157-39BE-971B-D9F053035B03}.Release|Any CPU.Build.0 = Release|Any CPU
		{AEA3EC68-8F6E-3268-A201-0FCA4DF7D999}.Analyze|Any CPU.ActiveCfg = Analyze|Any CPU
		{AEA3EC68-8F6E-3268-A201-0FCA4DF7D999}.Analyze|Any CPU.Build.0 = Analyze|Any CPU
		{AEA3EC68-8F6E-3268-A201-0FCA4DF7D999}.Debug|Any CPU.ActiveCfg = Debug|Any CPU
		{AEA3EC68-8F6E-3268-A201-0FCA4DF7D999}.Debug|Any CPU.Build.0 = Debug|Any CPU
		{AEA3EC68-8F6E-3268-A201-0FCA4DF7D999}.Development|Any CPU.ActiveCfg = Development|Any CPU
		{AEA3EC68-8F6E-3268-A201-0FCA4DF7D999}.Development|Any CPU.Build.0 = Development|Any CPU
		{AEA3EC68-8F6E-3268-A201-0FCA4DF7D999}.Release|Any CPU.ActiveCfg = Release|Any CPU
		{AEA3EC68-8F6E-3268-A201-0FCA4DF7D999}.Release|Any CPU.Build.0 = Release|Any CPU
		{09D9AF86-587D-3958-996F-17445CEA0545}.Analyze|Any CPU.ActiveCfg = Analyze|Any CPU
		{09D9AF86-587D-3958-996F-17445CEA0545}.Analyze|Any CPU.Build.0 = Analyze|Any CPU
		{09D9AF86-587D-3958-996F-17445CEA0545}.Debug|Any CPU.ActiveCfg = Debug|Any CPU
		{09D9AF86-587D-3958-996F-17445CEA0545}.Debug|Any CPU.Build.0 = Debug|Any CPU
		{09D9AF86-587D-3958-996F-17445CEA0545}.Development|Any CPU.ActiveCfg = Development|Any CPU
		{09D9AF86-587D-3958-996F-17445CEA0545}.Development|Any CPU.Build.0 = Development|Any CPU
		{09D9AF86-587D-3958-996F-17445CEA0545}.Release|Any CPU.ActiveCfg = Release|Any CPU
		{09D9AF86-587D-3958-996F-17445CEA0545}.Release|Any CPU.Build.0 = Release|Any CPU
		{C32FB10A-16F8-3597-A58C-B89F2198E832}.Analyze|Any CPU.ActiveCfg = Analyze|Any CPU
		{C32FB10A-16F8-3597-A58C-B89F2198E832}.Analyze|Any CPU.Build.0 = Analyze|Any CPU
		{C32FB10A-16F8-3597-A58C-B89F2198E832}.Debug|Any CPU.ActiveCfg = Debug|Any CPU
		{C32FB10A-16F8-3597-A58C-B89F2198E832}.Debug|Any CPU.Build.0 = Debug|Any CPU
		{C32FB10A-16F8-3597-A58C-B89F2198E832}.Development|Any CPU.ActiveCfg = Development|Any CPU
		{C32FB10A-16F8-3597-A58C-B89F2198E832}.Development|Any CPU.Build.0 = Development|Any CPU
		{C32FB10A-16F8-3597-A58C-B89F2198E832}.Release|Any CPU.ActiveCfg = Release|Any CPU
		{C32FB10A-16F8-3597-A58C-B89F2198E832}.Release|Any CPU.Build.0 = Release|Any CPU
		{BA99CBC3-D48A-3674-BE8D-3719DC2B6E31}.Analyze|Any CPU.ActiveCfg = Analyze|Any CPU
		{BA99CBC3-D48A-3674-BE8D-3719DC2B6E31}.Analyze|Any CPU.Build.0 = Analyze|Any CPU
		{BA99CBC3-D48A-3674-BE8D-3719DC2B6E31}.Debug|Any CPU.ActiveCfg = Debug|Any CPU
		{BA99CBC3-D48A-3674-BE8D-3719DC2B6E31}.Debug|Any CPU.Build.0 = Debug|Any CPU
		{BA99CBC3-D48A-3674-BE8D-3719DC2B6E31}.Development|Any CPU.ActiveCfg = Development|Any CPU
		{BA99CBC3-D48A-3674-BE8D-3719DC2B6E31}.Development|Any CPU.Build.0 = Development|Any CPU
		{BA99CBC3-D48A-3674-BE8D-3719DC2B6E31}.Release|Any CPU.ActiveCfg = Release|Any CPU
		{BA99CBC3-D48A-3674-BE8D-3719DC2B6E31}.Release|Any CPU.Build.0 = Release|Any CPU
		{D4927467-D867-3C42-B9A2-CDACE26221E1}.Analyze|Any CPU.ActiveCfg = Analyze|Any CPU
		{D4927467-D867-3C42-B9A2-CDACE26221E1}.Analyze|Any CPU.Build.0 = Analyze|Any CPU
		{D4927467-D867-3C42-B9A2-CDACE26221E1}.Debug|Any CPU.ActiveCfg = Debug|Any CPU
		{D4927467-D867-3C42-B9A2-CDACE26221E1}.Debug|Any CPU.Build.0 = Debug|Any CPU
		{D4927467-D867-3C42-B9A2-CDACE26221E1}.Development|Any CPU.ActiveCfg = Development|Any CPU
		{D4927467-D867-3C42-B9A2-CDACE26221E1}.Development|Any CPU.Build.0 = Development|Any CPU
		{D4927467-D867-3C42-B9A2-CDACE26221E1}.Release|Any CPU.ActiveCfg = Release|Any CPU
		{D4927467-D867-3C42-B9A2-CDACE26221E1}.Release|Any CPU.Build.0 = Release|Any CPU
		{764091D9-7A9B-3200-8299-FB51AB5F76F0}.Analyze|Any CPU.ActiveCfg = Analyze|Any CPU
		{764091D9-7A9B-3200-8299-FB51AB5F76F0}.Analyze|Any CPU.Build.0 = Analyze|Any CPU
		{764091D9-7A9B-3200-8299-FB51AB5F76F0}.Debug|Any CPU.ActiveCfg = Debug|Any CPU
		{764091D9-7A9B-3200-8299-FB51AB5F76F0}.Debug|Any CPU.Build.0 = Debug|Any CPU
		{764091D9-7A9B-3200-8299-FB51AB5F76F0}.Development|Any CPU.ActiveCfg = Development|Any CPU
		{764091D9-7A9B-3200-8299-FB51AB5F76F0}.Development|Any CPU.Build.0 = Development|Any CPU
		{764091D9-7A9B-3200-8299-FB51AB5F76F0}.Release|Any CPU.ActiveCfg = Release|Any CPU
		{764091D9-7A9B-3200-8299-FB51AB5F76F0}.Release|Any CPU.Build.0 = Release|Any CPU
		{BF6385DF-243F-3CB8-B750-B3B8FF81D410}.Analyze|Any CPU.ActiveCfg = Analyze|Any CPU
		{BF6385DF-243F-3CB8-B750-B3B8FF81D410}.Analyze|Any CPU.Build.0 = Analyze|Any CPU
		{BF6385DF-243F-3CB8-B750-B3B8FF81D410}.Debug|Any CPU.ActiveCfg = Debug|Any CPU
		{BF6385DF-243F-3CB8-B750-B3B8FF81D410}.Debug|Any CPU.Build.0 = Debug|Any CPU
		{BF6385DF-243F-3CB8-B750-B3B8FF81D410}.Development|Any CPU.ActiveCfg = Development|Any CPU
		{BF6385DF-243F-3CB8-B750-B3B8FF81D410}.Development|Any CPU.Build.0 = Development|Any CPU
		{BF6385DF-243F-3CB8-B750-B3B8FF81D410}.Release|Any CPU.ActiveCfg = Release|Any CPU
		{BF6385DF-243F-3CB8-B750-B3B8FF81D410}.Release|Any CPU.Build.0 = Release|Any CPU
		{EC9D886C-9C6A-3327-BD42-999290588C75}.Analyze|Any CPU.ActiveCfg = Analyze|Any CPU
		{EC9D886C-9C6A-3327-BD42-999290588C75}.Analyze|Any CPU.Build.0 = Analyze|Any CPU
		{EC9D886C-9C6A-3327-BD42-999290588C75}.Debug|Any CPU.ActiveCfg = Debug|Any CPU
		{EC9D886C-9C6A-3327-BD42-999290588C75}.Debug|Any CPU.Build.0 = Debug|Any CPU
		{EC9D886C-9C6A-3327-BD42-999290588C75}.Development|Any CPU.ActiveCfg = Development|Any CPU
		{EC9D886C-9C6A-3327-BD42-999290588C75}.Development|Any CPU.Build.0 = Development|Any CPU
		{EC9D886C-9C6A-3327-BD42-999290588C75}.Release|Any CPU.ActiveCfg = Release|Any CPU
		{EC9D886C-9C6A-3327-BD42-999290588C75}.Release|Any CPU.Build.0 = Release|Any CPU
		{8D849FBC-215E-30E3-83C5-D73A38A4EB2B}.Analyze|Any CPU.ActiveCfg = Analyze|Any CPU
		{8D849FBC-215E-30E3-83C5-D73A38A4EB2B}.Analyze|Any CPU.Build.0 = Analyze|Any CPU
		{8D849FBC-215E-30E3-83C5-D73A38A4EB2B}.Debug|Any CPU.ActiveCfg = Debug|Any CPU
		{8D849FBC-215E-30E3-83C5-D73A38A4EB2B}.Debug|Any CPU.Build.0 = Debug|Any CPU
		{8D849FBC-215E-30E3-83C5-D73A38A4EB2B}.Development|Any CPU.ActiveCfg = Development|Any CPU
		{8D849FBC-215E-30E3-83C5-D73A38A4EB2B}.Development|Any CPU.Build.0 = Development|Any CPU
		{8D849FBC-215E-30E3-83C5-D73A38A4EB2B}.Release|Any CPU.ActiveCfg = Release|Any CPU
		{8D849FBC-215E-30E3-83C5-D73A38A4EB2B}.Release|Any CPU.Build.0 = Release|Any CPU
		{983CA9A6-8CCB-37B2-B2CA-C6F748F30DE4}.Analyze|Any CPU.ActiveCfg = Analyze|Any CPU
		{983CA9A6-8CCB-37B2-B2CA-C6F748F30DE4}.Analyze|Any CPU.Build.0 = Analyze|Any CPU
		{983CA9A6-8CCB-37B2-B2CA-C6F748F30DE4}.Debug|Any CPU.ActiveCfg = Debug|Any CPU
		{983CA9A6-8CCB-37B2-B2CA-C6F748F30DE4}.Debug|Any CPU.Build.0 = Debug|Any CPU
		{983CA9A6-8CCB-37B2-B2CA-C6F748F30DE4}.Development|Any CPU.ActiveCfg = Development|Any CPU
		{983CA9A6-8CCB-37B2-B2CA-C6F748F30DE4}.Development|Any CPU.Build.0 = Development|Any CPU
		{983CA9A6-8CCB-37B2-B2CA-C6F748F30DE4}.Release|Any CPU.ActiveCfg = Release|Any CPU
		{983CA9A6-8CCB-37B2-B2CA-C6F748F30DE4}.Release|Any CPU.Build.0 = Release|Any CPU
		{28D2403C-4499-321D-801A-6A2BAE79A351}.Analyze|Any CPU.ActiveCfg = Analyze|Any CPU
		{28D2403C-4499-321D-801A-6A2BAE79A351}.Analyze|Any CPU.Build.0 = Analyze|Any CPU
		{28D2403C-4499-321D-801A-6A2BAE79A351}.Debug|Any CPU.ActiveCfg = Debug|Any CPU
		{28D2403C-4499-321D-801A-6A2BAE79A351}.Debug|Any CPU.Build.0 = Debug|Any CPU
		{28D2403C-4499-321D-801A-6A2BAE79A351}.Development|Any CPU.ActiveCfg = Development|Any CPU
		{28D2403C-4499-321D-801A-6A2BAE79A351}.Development|Any CPU.Build.0 = Development|Any CPU
		{28D2403C-4499-321D-801A-6A2BAE79A351}.Release|Any CPU.ActiveCfg = Release|Any CPU
		{28D2403C-4499-321D-801A-6A2BAE79A351}.Release|Any CPU.Build.0 = Release|Any CPU
		{C9660CAB-5A14-3BAF-B889-35D9133B2A45}.Analyze|Any CPU.ActiveCfg = Analyze|Any CPU
		{C9660CAB-5A14-3BAF-B889-35D9133B2A45}.Analyze|Any CPU.Build.0 = Analyze|Any CPU
		{C9660CAB-5A14-3BAF-B889-35D9133B2A45}.Debug|Any CPU.ActiveCfg = Debug|Any CPU
		{C9660CAB-5A14-3BAF-B889-35D9133B2A45}.Debug|Any CPU.Build.0 = Debug|Any CPU
		{C9660CAB-5A14-3BAF-B889-35D9133B2A45}.Development|Any CPU.ActiveCfg = Development|Any CPU
		{C9660CAB-5A14-3BAF-B889-35D9133B2A45}.Development|Any CPU.Build.0 = Development|Any CPU
		{C9660CAB-5A14-3BAF-B889-35D9133B2A45}.Release|Any CPU.ActiveCfg = Release|Any CPU
		{C9660CAB-5A14-3BAF-B889-35D9133B2A45}.Release|Any CPU.Build.0 = Release|Any CPU
		{3ED2FD9B-F030-34E0-861C-50C679E09784}.Analyze|Any CPU.ActiveCfg = Analyze|Any CPU
		{3ED2FD9B-F030-34E0-861C-50C679E09784}.Analyze|Any CPU.Build.0 = Analyze|Any CPU
		{3ED2FD9B-F030-34E0-861C-50C679E09784}.Debug|Any CPU.ActiveCfg = Debug|Any CPU
		{3ED2FD9B-F030-34E0-861C-50C679E09784}.Debug|Any CPU.Build.0 = Debug|Any CPU
		{3ED2FD9B-F030-34E0-861C-50C679E09784}.Development|Any CPU.ActiveCfg = Development|Any CPU
		{3ED2FD9B-F030-34E0-861C-50C679E09784}.Development|Any CPU.Build.0 = Development|Any CPU
		{3ED2FD9B-F030-34E0-861C-50C679E09784}.Release|Any CPU.ActiveCfg = Release|Any CPU
		{3ED2FD9B-F030-34E0-861C-50C679E09784}.Release|Any CPU.Build.0 = Release|Any CPU
		{B1BD2FED-439C-3669-B795-A5880B7DE5FF}.Analyze|Any CPU.ActiveCfg = Analyze|Any CPU
		{B1BD2FED-439C-3669-B795-A5880B7DE5FF}.Analyze|Any CPU.Build.0 = Analyze|Any CPU
		{B1BD2FED-439C-3669-B795-A5880B7DE5FF}.Debug|Any CPU.ActiveCfg = Debug|Any CPU
		{B1BD2FED-439C-3669-B795-A5880B7DE5FF}.Debug|Any CPU.Build.0 = Debug|Any CPU
		{B1BD2FED-439C-3669-B795-A5880B7DE5FF}.Development|Any CPU.ActiveCfg = Development|Any CPU
		{B1BD2FED-439C-3669-B795-A5880B7DE5FF}.Development|Any CPU.Build.0 = Development|Any CPU
		{B1BD2FED-439C-3669-B795-A5880B7DE5FF}.Release|Any CPU.ActiveCfg = Release|Any CPU
		{B1BD2FED-439C-3669-B795-A5880B7DE5FF}.Release|Any CPU.Build.0 = Release|Any CPU
		{A1A38A8D-1977-331E-B618-9539B210BB32}.Analyze|Any CPU.ActiveCfg = Analyze|Any CPU
		{A1A38A8D-1977-331E-B618-9539B210BB32}.Analyze|Any CPU.Build.0 = Analyze|Any CPU
		{A1A38A8D-1977-331E-B618-9539B210BB32}.Debug|Any CPU.ActiveCfg = Debug|Any CPU
		{A1A38A8D-1977-331E-B618-9539B210BB32}.Debug|Any CPU.Build.0 = Debug|Any CPU
		{A1A38A8D-1977-331E-B618-9539B210BB32}.Development|Any CPU.ActiveCfg = Development|Any CPU
		{A1A38A8D-1977-331E-B618-9539B210BB32}.Development|Any CPU.Build.0 = Development|Any CPU
		{A1A38A8D-1977-331E-B618-9539B210BB32}.Release|Any CPU.ActiveCfg = Release|Any CPU
		{A1A38A8D-1977-331E-B618-9539B210BB32}.Release|Any CPU.Build.0 = Release|Any CPU
		{67AB5158-B4CC-33AE-9BC4-9DCBC2454F6F}.Analyze|Any CPU.ActiveCfg = Analyze|Any CPU
		{67AB5158-B4CC-33AE-9BC4-9DCBC2454F6F}.Analyze|Any CPU.Build.0 = Analyze|Any CPU
		{67AB5158-B4CC-33AE-9BC4-9DCBC2454F6F}.Debug|Any CPU.ActiveCfg = Debug|Any CPU
		{67AB5158-B4CC-33AE-9BC4-9DCBC2454F6F}.Debug|Any CPU.Build.0 = Debug|Any CPU
		{67AB5158-B4CC-33AE-9BC4-9DCBC2454F6F}.Development|Any CPU.ActiveCfg = Development|Any CPU
		{67AB5158-B4CC-33AE-9BC4-9DCBC2454F6F}.Development|Any CPU.Build.0 = Development|Any CPU
		{67AB5158-B4CC-33AE-9BC4-9DCBC2454F6F}.Release|Any CPU.ActiveCfg = Release|Any CPU
		{67AB5158-B4CC-33AE-9BC4-9DCBC2454F6F}.Release|Any CPU.Build.0 = Release|Any CPU
		{A193CED6-D174-343A-952E-7236DD7F9887}.Analyze|Any CPU.ActiveCfg = Analyze|Any CPU
		{A193CED6-D174-343A-952E-7236DD7F9887}.Analyze|Any CPU.Build.0 = Analyze|Any CPU
		{A193CED6-D174-343A-952E-7236DD7F9887}.Debug|Any CPU.ActiveCfg = Debug|Any CPU
		{A193CED6-D174-343A-952E-7236DD7F9887}.Debug|Any CPU.Build.0 = Debug|Any CPU
		{A193CED6-D174-343A-952E-7236DD7F9887}.Development|Any CPU.ActiveCfg = Development|Any CPU
		{A193CED6-D174-343A-952E-7236DD7F9887}.Development|Any CPU.Build.0 = Development|Any CPU
		{A193CED6-D174-343A-952E-7236DD7F9887}.Release|Any CPU.ActiveCfg = Release|Any CPU
		{A193CED6-D174-343A-952E-7236DD7F9887}.Release|Any CPU.Build.0 = Release|Any CPU
		{9AB6C642-E487-3D2B-B601-1D42C2767D75}.Analyze|Any CPU.ActiveCfg = Analyze|Any CPU
		{9AB6C642-E487-3D2B-B601-1D42C2767D75}.Analyze|Any CPU.Build.0 = Analyze|Any CPU
		{9AB6C642-E487-3D2B-B601-1D42C2767D75}.Debug|Any CPU.ActiveCfg = Debug|Any CPU
		{9AB6C642-E487-3D2B-B601-1D42C2767D75}.Debug|Any CPU.Build.0 = Debug|Any CPU
		{9AB6C642-E487-3D2B-B601-1D42C2767D75}.Development|Any CPU.ActiveCfg = Development|Any CPU
		{9AB6C642-E487-3D2B-B601-1D42C2767D75}.Development|Any CPU.Build.0 = Development|Any CPU
		{9AB6C642-E487-3D2B-B601-1D42C2767D75}.Release|Any CPU.ActiveCfg = Release|Any CPU
		{9AB6C642-E487-3D2B-B601-1D42C2767D75}.Release|Any CPU.Build.0 = Release|Any CPU
		{943213EE-C2B8-3322-B179-64ECF4CE629E}.Analyze|Any CPU.ActiveCfg = Analyze|Any CPU
		{943213EE-C2B8-3322-B179-64ECF4CE629E}.Analyze|Any CPU.Build.0 = Analyze|Any CPU
		{943213EE-C2B8-3322-B179-64ECF4CE629E}.Debug|Any CPU.ActiveCfg = Debug|Any CPU
		{943213EE-C2B8-3322-B179-64ECF4CE629E}.Debug|Any CPU.Build.0 = Debug|Any CPU
		{943213EE-C2B8-3322-B179-64ECF4CE629E}.Development|Any CPU.ActiveCfg = Development|Any CPU
		{943213EE-C2B8-3322-B179-64ECF4CE629E}.Development|Any CPU.Build.0 = Development|Any CPU
		{943213EE-C2B8-3322-B179-64ECF4CE629E}.Release|Any CPU.ActiveCfg = Release|Any CPU
		{943213EE-C2B8-3322-B179-64ECF4CE629E}.Release|Any CPU.Build.0 = Release|Any CPU
		{F3084B14-C16B-32AA-AC8C-0E063EA05C4D}.Analyze|Any CPU.ActiveCfg = Analyze|Any CPU
		{F3084B14-C16B-32AA-AC8C-0E063EA05C4D}.Analyze|Any CPU.Build.0 = Analyze|Any CPU
		{F3084B14-C16B-32AA-AC8C-0E063EA05C4D}.Debug|Any CPU.ActiveCfg = Debug|Any CPU
		{F3084B14-C16B-32AA-AC8C-0E063EA05C4D}.Debug|Any CPU.Build.0 = Debug|Any CPU
		{F3084B14-C16B-32AA-AC8C-0E063EA05C4D}.Development|Any CPU.ActiveCfg = Development|Any CPU
		{F3084B14-C16B-32AA-AC8C-0E063EA05C4D}.Development|Any CPU.Build.0 = Development|Any CPU
		{F3084B14-C16B-32AA-AC8C-0E063EA05C4D}.Release|Any CPU.ActiveCfg = Release|Any CPU
		{F3084B14-C16B-32AA-AC8C-0E063EA05C4D}.Release|Any CPU.Build.0 = Release|Any CPU
		{41670359-0D18-3906-A58B-966C559C2EC4}.Analyze|Any CPU.ActiveCfg = Analyze|Any CPU
		{41670359-0D18-3906-A58B-966C559C2EC4}.Analyze|Any CPU.Build.0 = Analyze|Any CPU
		{41670359-0D18-3906-A58B-966C559C2EC4}.Debug|Any CPU.ActiveCfg = Debug|Any CPU
		{41670359-0D18-3906-A58B-966C559C2EC4}.Debug|Any CPU.Build.0 = Debug|Any CPU
		{41670359-0D18-3906-A58B-966C559C2EC4}.Development|Any CPU.ActiveCfg = Development|Any CPU
		{41670359-0D18-3906-A58B-966C559C2EC4}.Development|Any CPU.Build.0 = Development|Any CPU
		{41670359-0D18-3906-A58B-966C559C2EC4}.Release|Any CPU.ActiveCfg = Release|Any CPU
		{41670359-0D18-3906-A58B-966C559C2EC4}.Release|Any CPU.Build.0 = Release|Any CPU
		{3C4BA753-5961-3F75-B605-99F7D35C7A37}.Analyze|Any CPU.ActiveCfg = Analyze|Any CPU
		{3C4BA753-5961-3F75-B605-99F7D35C7A37}.Analyze|Any CPU.Build.0 = Analyze|Any CPU
		{3C4BA753-5961-3F75-B605-99F7D35C7A37}.Debug|Any CPU.ActiveCfg = Debug|Any CPU
		{3C4BA753-5961-3F75-B605-99F7D35C7A37}.Debug|Any CPU.Build.0 = Debug|Any CPU
		{3C4BA753-5961-3F75-B605-99F7D35C7A37}.Development|Any CPU.ActiveCfg = Development|Any CPU
		{3C4BA753-5961-3F75-B605-99F7D35C7A37}.Development|Any CPU.Build.0 = Development|Any CPU
		{3C4BA753-5961-3F75-B605-99F7D35C7A37}.Release|Any CPU.ActiveCfg = Release|Any CPU
		{3C4BA753-5961-3F75-B605-99F7D35C7A37}.Release|Any CPU.Build.0 = Release|Any CPU
		{8FCDD6E6-1747-3E1E-BE5B-0B32B58287E3}.Analyze|Any CPU.ActiveCfg = Analyze|Any CPU
		{8FCDD6E6-1747-3E1E-BE5B-0B32B58287E3}.Analyze|Any CPU.Build.0 = Analyze|Any CPU
		{8FCDD6E6-1747-3E1E-BE5B-0B32B58287E3}.Debug|Any CPU.ActiveCfg = Debug|Any CPU
		{8FCDD6E6-1747-3E1E-BE5B-0B32B58287E3}.Debug|Any CPU.Build.0 = Debug|Any CPU
		{8FCDD6E6-1747-3E1E-BE5B-0B32B58287E3}.Development|Any CPU.ActiveCfg = Development|Any CPU
		{8FCDD6E6-1747-3E1E-BE5B-0B32B58287E3}.Development|Any CPU.Build.0 = Development|Any CPU
		{8FCDD6E6-1747-3E1E-BE5B-0B32B58287E3}.Release|Any CPU.ActiveCfg = Release|Any CPU
		{8FCDD6E6-1747-3E1E-BE5B-0B32B58287E3}.Release|Any CPU.Build.0 = Release|Any CPU
		{5A625441-F75F-3362-ABA1-0F54FFB984AF}.Analyze|Any CPU.ActiveCfg = Analyze|Any CPU
		{5A625441-F75F-3362-ABA1-0F54FFB984AF}.Analyze|Any CPU.Build.0 = Analyze|Any CPU
		{5A625441-F75F-3362-ABA1-0F54FFB984AF}.Debug|Any CPU.ActiveCfg = Debug|Any CPU
		{5A625441-F75F-3362-ABA1-0F54FFB984AF}.Debug|Any CPU.Build.0 = Debug|Any CPU
		{5A625441-F75F-3362-ABA1-0F54FFB984AF}.Development|Any CPU.ActiveCfg = Development|Any CPU
		{5A625441-F75F-3362-ABA1-0F54FFB984AF}.Development|Any CPU.Build.0 = Development|Any CPU
		{5A625441-F75F-3362-ABA1-0F54FFB984AF}.Release|Any CPU.ActiveCfg = Release|Any CPU
		{5A625441-F75F-3362-ABA1-0F54FFB984AF}.Release|Any CPU.Build.0 = Release|Any CPU
		{71B39311-5B32-3776-A19C-43B39F824745}.Analyze|Any CPU.ActiveCfg = Analyze|Any CPU
		{71B39311-5B32-3776-A19C-43B39F824745}.Analyze|Any CPU.Build.0 = Analyze|Any CPU
		{71B39311-5B32-3776-A19C-43B39F824745}.Debug|Any CPU.ActiveCfg = Debug|Any CPU
		{71B39311-5B32-3776-A19C-43B39F824745}.Debug|Any CPU.Build.0 = Debug|Any CPU
		{71B39311-5B32-3776-A19C-43B39F824745}.Development|Any CPU.ActiveCfg = Development|Any CPU
		{71B39311-5B32-3776-A19C-43B39F824745}.Development|Any CPU.Build.0 = Development|Any CPU
		{71B39311-5B32-3776-A19C-43B39F824745}.Release|Any CPU.ActiveCfg = Release|Any CPU
		{71B39311-5B32-3776-A19C-43B39F824745}.Release|Any CPU.Build.0 = Release|Any CPU
		{715F1C40-781D-3712-A027-D6779FBF0C88}.Analyze|Any CPU.ActiveCfg = Analyze|Any CPU
		{715F1C40-781D-3712-A027-D6779FBF0C88}.Analyze|Any CPU.Build.0 = Analyze|Any CPU
		{715F1C40-781D-3712-A027-D6779FBF0C88}.Debug|Any CPU.ActiveCfg = Debug|Any CPU
		{715F1C40-781D-3712-A027-D6779FBF0C88}.Debug|Any CPU.Build.0 = Debug|Any CPU
		{715F1C40-781D-3712-A027-D6779FBF0C88}.Development|Any CPU.ActiveCfg = Development|Any CPU
		{715F1C40-781D-3712-A027-D6779FBF0C88}.Development|Any CPU.Build.0 = Development|Any CPU
		{715F1C40-781D-3712-A027-D6779FBF0C88}.Release|Any CPU.ActiveCfg = Release|Any CPU
		{715F1C40-781D-3712-A027-D6779FBF0C88}.Release|Any CPU.Build.0 = Release|Any CPU
		{797806FB-9BB7-3867-AAD7-0B230AAD133F}.Analyze|Any CPU.ActiveCfg = Analyze|Any CPU
		{797806FB-9BB7-3867-AAD7-0B230AAD133F}.Analyze|Any CPU.Build.0 = Analyze|Any CPU
		{797806FB-9BB7-3867-AAD7-0B230AAD133F}.Debug|Any CPU.ActiveCfg = Debug|Any CPU
		{797806FB-9BB7-3867-AAD7-0B230AAD133F}.Debug|Any CPU.Build.0 = Debug|Any CPU
		{797806FB-9BB7-3867-AAD7-0B230AAD133F}.Development|Any CPU.ActiveCfg = Development|Any CPU
		{797806FB-9BB7-3867-AAD7-0B230AAD133F}.Development|Any CPU.Build.0 = Development|Any CPU
		{797806FB-9BB7-3867-AAD7-0B230AAD133F}.Release|Any CPU.ActiveCfg = Release|Any CPU
		{797806FB-9BB7-3867-AAD7-0B230AAD133F}.Release|Any CPU.Build.0 = Release|Any CPU
		{B6A8CFD9-B5EF-34DB-AC72-49EC1AFE842F}.Analyze|Any CPU.ActiveCfg = Analyze|Any CPU
		{B6A8CFD9-B5EF-34DB-AC72-49EC1AFE842F}.Analyze|Any CPU.Build.0 = Analyze|Any CPU
		{B6A8CFD9-B5EF-34DB-AC72-49EC1AFE842F}.Debug|Any CPU.ActiveCfg = Debug|Any CPU
		{B6A8CFD9-B5EF-34DB-AC72-49EC1AFE842F}.Debug|Any CPU.Build.0 = Debug|Any CPU
		{B6A8CFD9-B5EF-34DB-AC72-49EC1AFE842F}.Development|Any CPU.ActiveCfg = Development|Any CPU
		{B6A8CFD9-B5EF-34DB-AC72-49EC1AFE842F}.Development|Any CPU.Build.0 = Development|Any CPU
		{B6A8CFD9-B5EF-34DB-AC72-49EC1AFE842F}.Release|Any CPU.ActiveCfg = Release|Any CPU
		{B6A8CFD9-B5EF-34DB-AC72-49EC1AFE842F}.Release|Any CPU.Build.0 = Release|Any CPU
		{42D24B7D-9188-3178-AB46-682CF23909D9}.Analyze|Any CPU.ActiveCfg = Analyze|Any CPU
		{42D24B7D-9188-3178-AB46-682CF23909D9}.Analyze|Any CPU.Build.0 = Analyze|Any CPU
		{42D24B7D-9188-3178-AB46-682CF23909D9}.Debug|Any CPU.ActiveCfg = Debug|Any CPU
		{42D24B7D-9188-3178-AB46-682CF23909D9}.Debug|Any CPU.Build.0 = Debug|Any CPU
		{42D24B7D-9188-3178-AB46-682CF23909D9}.Development|Any CPU.ActiveCfg = Development|Any CPU
		{42D24B7D-9188-3178-AB46-682CF23909D9}.Development|Any CPU.Build.0 = Development|Any CPU
		{42D24B7D-9188-3178-AB46-682CF23909D9}.Release|Any CPU.ActiveCfg = Release|Any CPU
		{42D24B7D-9188-3178-AB46-682CF23909D9}.Release|Any CPU.Build.0 = Release|Any CPU
		{B4786EC2-771B-399D-8D24-E23D396D1CCE}.Analyze|Any CPU.ActiveCfg = Analyze|Any CPU
		{B4786EC2-771B-399D-8D24-E23D396D1CCE}.Analyze|Any CPU.Build.0 = Analyze|Any CPU
		{B4786EC2-771B-399D-8D24-E23D396D1CCE}.Debug|Any CPU.ActiveCfg = Debug|Any CPU
		{B4786EC2-771B-399D-8D24-E23D396D1CCE}.Debug|Any CPU.Build.0 = Debug|Any CPU
		{B4786EC2-771B-399D-8D24-E23D396D1CCE}.Development|Any CPU.ActiveCfg = Development|Any CPU
		{B4786EC2-771B-399D-8D24-E23D396D1CCE}.Development|Any CPU.Build.0 = Development|Any CPU
		{B4786EC2-771B-399D-8D24-E23D396D1CCE}.Release|Any CPU.ActiveCfg = Release|Any CPU
		{B4786EC2-771B-399D-8D24-E23D396D1CCE}.Release|Any CPU.Build.0 = Release|Any CPU
		{050F98D5-DE52-37A9-992D-E17FF1CC452E}.Analyze|Any CPU.ActiveCfg = Analyze|Any CPU
		{050F98D5-DE52-37A9-992D-E17FF1CC452E}.Analyze|Any CPU.Build.0 = Analyze|Any CPU
		{050F98D5-DE52-37A9-992D-E17FF1CC452E}.Debug|Any CPU.ActiveCfg = Debug|Any CPU
		{050F98D5-DE52-37A9-992D-E17FF1CC452E}.Debug|Any CPU.Build.0 = Debug|Any CPU
		{050F98D5-DE52-37A9-992D-E17FF1CC452E}.Development|Any CPU.ActiveCfg = Development|Any CPU
		{050F98D5-DE52-37A9-992D-E17FF1CC452E}.Development|Any CPU.Build.0 = Development|Any CPU
		{050F98D5-DE52-37A9-992D-E17FF1CC452E}.Release|Any CPU.ActiveCfg = Release|Any CPU
		{050F98D5-DE52-37A9-992D-E17FF1CC452E}.Release|Any CPU.Build.0 = Release|Any CPU
		{7CB040F6-A771-3427-9417-2D416D4AD0A2}.Analyze|Any CPU.ActiveCfg = Analyze|Any CPU
		{7CB040F6-A771-3427-9417-2D416D4AD0A2}.Analyze|Any CPU.Build.0 = Analyze|Any CPU
		{7CB040F6-A771-3427-9417-2D416D4AD0A2}.Debug|Any CPU.ActiveCfg = Debug|Any CPU
		{7CB040F6-A771-3427-9417-2D416D4AD0A2}.Debug|Any CPU.Build.0 = Debug|Any CPU
		{7CB040F6-A771-3427-9417-2D416D4AD0A2}.Development|Any CPU.ActiveCfg = Development|Any CPU
		{7CB040F6-A771-3427-9417-2D416D4AD0A2}.Development|Any CPU.Build.0 = Development|Any CPU
		{7CB040F6-A771-3427-9417-2D416D4AD0A2}.Release|Any CPU.ActiveCfg = Release|Any CPU
		{7CB040F6-A771-3427-9417-2D416D4AD0A2}.Release|Any CPU.Build.0 = Release|Any CPU
		{8554AD56-5332-3DBE-984D-1DE2AD547230}.Analyze|Any CPU.ActiveCfg = Analyze|Any CPU
		{8554AD56-5332-3DBE-984D-1DE2AD547230}.Analyze|Any CPU.Build.0 = Analyze|Any CPU
		{8554AD56-5332-3DBE-984D-1DE2AD547230}.Debug|Any CPU.ActiveCfg = Debug|Any CPU
		{8554AD56-5332-3DBE-984D-1DE2AD547230}.Debug|Any CPU.Build.0 = Debug|Any CPU
		{8554AD56-5332-3DBE-984D-1DE2AD547230}.Development|Any CPU.ActiveCfg = Development|Any CPU
		{8554AD56-5332-3DBE-984D-1DE2AD547230}.Development|Any CPU.Build.0 = Development|Any CPU
		{8554AD56-5332-3DBE-984D-1DE2AD547230}.Release|Any CPU.ActiveCfg = Release|Any CPU
		{8554AD56-5332-3DBE-984D-1DE2AD547230}.Release|Any CPU.Build.0 = Release|Any CPU
		{D69E610B-46B1-3CEE-84FF-A069BE094CB0}.Analyze|Any CPU.ActiveCfg = Analyze|Any CPU
		{D69E610B-46B1-3CEE-84FF-A069BE094CB0}.Analyze|Any CPU.Build.0 = Analyze|Any CPU
		{D69E610B-46B1-3CEE-84FF-A069BE094CB0}.Debug|Any CPU.ActiveCfg = Debug|Any CPU
		{D69E610B-46B1-3CEE-84FF-A069BE094CB0}.Debug|Any CPU.Build.0 = Debug|Any CPU
		{D69E610B-46B1-3CEE-84FF-A069BE094CB0}.Development|Any CPU.ActiveCfg = Development|Any CPU
		{D69E610B-46B1-3CEE-84FF-A069BE094CB0}.Development|Any CPU.Build.0 = Development|Any CPU
		{D69E610B-46B1-3CEE-84FF-A069BE094CB0}.Release|Any CPU.ActiveCfg = Release|Any CPU
		{D69E610B-46B1-3CEE-84FF-A069BE094CB0}.Release|Any CPU.Build.0 = Release|Any CPU
		{C6963B69-F95E-30AA-88D1-AA34E204E812}.Analyze|Any CPU.ActiveCfg = Analyze|Any CPU
		{C6963B69-F95E-30AA-88D1-AA34E204E812}.Analyze|Any CPU.Build.0 = Analyze|Any CPU
		{C6963B69-F95E-30AA-88D1-AA34E204E812}.Debug|Any CPU.ActiveCfg = Debug|Any CPU
		{C6963B69-F95E-30AA-88D1-AA34E204E812}.Debug|Any CPU.Build.0 = Debug|Any CPU
		{C6963B69-F95E-30AA-88D1-AA34E204E812}.Development|Any CPU.ActiveCfg = Development|Any CPU
		{C6963B69-F95E-30AA-88D1-AA34E204E812}.Development|Any CPU.Build.0 = Development|Any CPU
		{C6963B69-F95E-30AA-88D1-AA34E204E812}.Release|Any CPU.ActiveCfg = Release|Any CPU
		{C6963B69-F95E-30AA-88D1-AA34E204E812}.Release|Any CPU.Build.0 = Release|Any CPU
		{F4C2938D-2E9F-3717-90E8-8537A4F604E2}.Analyze|Any CPU.ActiveCfg = Analyze|Any CPU
		{F4C2938D-2E9F-3717-90E8-8537A4F604E2}.Analyze|Any CPU.Build.0 = Analyze|Any CPU
		{F4C2938D-2E9F-3717-90E8-8537A4F604E2}.Debug|Any CPU.ActiveCfg = Debug|Any CPU
		{F4C2938D-2E9F-3717-90E8-8537A4F604E2}.Debug|Any CPU.Build.0 = Debug|Any CPU
		{F4C2938D-2E9F-3717-90E8-8537A4F604E2}.Development|Any CPU.ActiveCfg = Development|Any CPU
		{F4C2938D-2E9F-3717-90E8-8537A4F604E2}.Development|Any CPU.Build.0 = Development|Any CPU
		{F4C2938D-2E9F-3717-90E8-8537A4F604E2}.Release|Any CPU.ActiveCfg = Release|Any CPU
		{F4C2938D-2E9F-3717-90E8-8537A4F604E2}.Release|Any CPU.Build.0 = Release|Any CPU
		{5E35D255-334C-377B-87B8-838970D91B8D}.Analyze|Any CPU.ActiveCfg = Analyze|Any CPU
		{5E35D255-334C-377B-87B8-838970D91B8D}.Analyze|Any CPU.Build.0 = Analyze|Any CPU
		{5E35D255-334C-377B-87B8-838970D91B8D}.Debug|Any CPU.ActiveCfg = Debug|Any CPU
		{5E35D255-334C-377B-87B8-838970D91B8D}.Debug|Any CPU.Build.0 = Debug|Any CPU
		{5E35D255-334C-377B-87B8-838970D91B8D}.Development|Any CPU.ActiveCfg = Development|Any CPU
		{5E35D255-334C-377B-87B8-838970D91B8D}.Development|Any CPU.Build.0 = Development|Any CPU
		{5E35D255-334C-377B-87B8-838970D91B8D}.Release|Any CPU.ActiveCfg = Release|Any CPU
		{5E35D255-334C-377B-87B8-838970D91B8D}.Release|Any CPU.Build.0 = Release|Any CPU
		{F1847E4E-44D6-366C-BA8D-D2EEE22A2CD0}.Analyze|Any CPU.ActiveCfg = Analyze|Any CPU
		{F1847E4E-44D6-366C-BA8D-D2EEE22A2CD0}.Analyze|Any CPU.Build.0 = Analyze|Any CPU
		{F1847E4E-44D6-366C-BA8D-D2EEE22A2CD0}.Debug|Any CPU.ActiveCfg = Debug|Any CPU
		{F1847E4E-44D6-366C-BA8D-D2EEE22A2CD0}.Debug|Any CPU.Build.0 = Debug|Any CPU
		{F1847E4E-44D6-366C-BA8D-D2EEE22A2CD0}.Development|Any CPU.ActiveCfg = Development|Any CPU
		{F1847E4E-44D6-366C-BA8D-D2EEE22A2CD0}.Development|Any CPU.Build.0 = Development|Any CPU
		{F1847E4E-44D6-366C-BA8D-D2EEE22A2CD0}.Release|Any CPU.ActiveCfg = Release|Any CPU
		{F1847E4E-44D6-366C-BA8D-D2EEE22A2CD0}.Release|Any CPU.Build.0 = Release|Any CPU
		{F4A7E1F8-A7E2-3DFF-81B3-79DDB9338E93}.Analyze|Any CPU.ActiveCfg = Analyze|Any CPU
		{F4A7E1F8-A7E2-3DFF-81B3-79DDB9338E93}.Analyze|Any CPU.Build.0 = Analyze|Any CPU
		{F4A7E1F8-A7E2-3DFF-81B3-79DDB9338E93}.Debug|Any CPU.ActiveCfg = Debug|Any CPU
		{F4A7E1F8-A7E2-3DFF-81B3-79DDB9338E93}.Debug|Any CPU.Build.0 = Debug|Any CPU
		{F4A7E1F8-A7E2-3DFF-81B3-79DDB9338E93}.Development|Any CPU.ActiveCfg = Development|Any CPU
		{F4A7E1F8-A7E2-3DFF-81B3-79DDB9338E93}.Development|Any CPU.Build.0 = Development|Any CPU
		{F4A7E1F8-A7E2-3DFF-81B3-79DDB9338E93}.Release|Any CPU.ActiveCfg = Release|Any CPU
		{F4A7E1F8-A7E2-3DFF-81B3-79DDB9338E93}.Release|Any CPU.Build.0 = Release|Any CPU
		{E931119A-06EF-3E66-9D40-1AB8CD982F35}.Analyze|Any CPU.ActiveCfg = Analyze|Any CPU
		{E931119A-06EF-3E66-9D40-1AB8CD982F35}.Analyze|Any CPU.Build.0 = Analyze|Any CPU
		{E931119A-06EF-3E66-9D40-1AB8CD982F35}.Debug|Any CPU.ActiveCfg = Debug|Any CPU
		{E931119A-06EF-3E66-9D40-1AB8CD982F35}.Debug|Any CPU.Build.0 = Debug|Any CPU
		{E931119A-06EF-3E66-9D40-1AB8CD982F35}.Development|Any CPU.ActiveCfg = Development|Any CPU
		{E931119A-06EF-3E66-9D40-1AB8CD982F35}.Development|Any CPU.Build.0 = Development|Any CPU
		{E931119A-06EF-3E66-9D40-1AB8CD982F35}.Release|Any CPU.ActiveCfg = Release|Any CPU
		{E931119A-06EF-3E66-9D40-1AB8CD982F35}.Release|Any CPU.Build.0 = Release|Any CPU
		{8FCC7B09-0E03-3D4D-AEDE-3D6273101BB5}.Analyze|Any CPU.ActiveCfg = Analyze|Any CPU
		{8FCC7B09-0E03-3D4D-AEDE-3D6273101BB5}.Analyze|Any CPU.Build.0 = Analyze|Any CPU
		{8FCC7B09-0E03-3D4D-AEDE-3D6273101BB5}.Debug|Any CPU.ActiveCfg = Debug|Any CPU
		{8FCC7B09-0E03-3D4D-AEDE-3D6273101BB5}.Debug|Any CPU.Build.0 = Debug|Any CPU
		{8FCC7B09-0E03-3D4D-AEDE-3D6273101BB5}.Development|Any CPU.ActiveCfg = Development|Any CPU
		{8FCC7B09-0E03-3D4D-AEDE-3D6273101BB5}.Development|Any CPU.Build.0 = Development|Any CPU
		{8FCC7B09-0E03-3D4D-AEDE-3D6273101BB5}.Release|Any CPU.ActiveCfg = Release|Any CPU
		{8FCC7B09-0E03-3D4D-AEDE-3D6273101BB5}.Release|Any CPU.Build.0 = Release|Any CPU
		{137469B7-AEEB-321C-96B1-BFAD8E639B95}.Analyze|Any CPU.ActiveCfg = Analyze|Any CPU
		{137469B7-AEEB-321C-96B1-BFAD8E639B95}.Analyze|Any CPU.Build.0 = Analyze|Any CPU
		{137469B7-AEEB-321C-96B1-BFAD8E639B95}.Debug|Any CPU.ActiveCfg = Debug|Any CPU
		{137469B7-AEEB-321C-96B1-BFAD8E639B95}.Debug|Any CPU.Build.0 = Debug|Any CPU
		{137469B7-AEEB-321C-96B1-BFAD8E639B95}.Development|Any CPU.ActiveCfg = Development|Any CPU
		{137469B7-AEEB-321C-96B1-BFAD8E639B95}.Development|Any CPU.Build.0 = Development|Any CPU
		{137469B7-AEEB-321C-96B1-BFAD8E639B95}.Release|Any CPU.ActiveCfg = Release|Any CPU
		{137469B7-AEEB-321C-96B1-BFAD8E639B95}.Release|Any CPU.Build.0 = Release|Any CPU
		{A962FAAC-581A-3A4A-8BE6-9E61DB264B26}.Analyze|Any CPU.ActiveCfg = Analyze|Any CPU
		{A962FAAC-581A-3A4A-8BE6-9E61DB264B26}.Analyze|Any CPU.Build.0 = Analyze|Any CPU
		{A962FAAC-581A-3A4A-8BE6-9E61DB264B26}.Debug|Any CPU.ActiveCfg = Debug|Any CPU
		{A962FAAC-581A-3A4A-8BE6-9E61DB264B26}.Debug|Any CPU.Build.0 = Debug|Any CPU
		{A962FAAC-581A-3A4A-8BE6-9E61DB264B26}.Development|Any CPU.ActiveCfg = Development|Any CPU
		{A962FAAC-581A-3A4A-8BE6-9E61DB264B26}.Development|Any CPU.Build.0 = Development|Any CPU
		{A962FAAC-581A-3A4A-8BE6-9E61DB264B26}.Release|Any CPU.ActiveCfg = Release|Any CPU
		{A962FAAC-581A-3A4A-8BE6-9E61DB264B26}.Release|Any CPU.Build.0 = Release|Any CPU
	EndGlobalSection
	GlobalSection(SolutionProperties) = preSolution
		HideSolutionNode = FALSE
	EndGlobalSection
	GlobalSection(NestedProjects) = preSolution
		{A193CED6-D174-343A-952E-7236DD7F9887} = {58A72724-8CB8-3260-8ADB-0161BCAC3D64}
		{9AB6C642-E487-3D2B-B601-1D42C2767D75} = {58A72724-8CB8-3260-8ADB-0161BCAC3D64}
		{943213EE-C2B8-3322-B179-64ECF4CE629E} = {58A72724-8CB8-3260-8ADB-0161BCAC3D64}
		{F3084B14-C16B-32AA-AC8C-0E063EA05C4D} = {58A72724-8CB8-3260-8ADB-0161BCAC3D64}
		{41670359-0D18-3906-A58B-966C559C2EC4} = {58A72724-8CB8-3260-8ADB-0161BCAC3D64}
		{3C4BA753-5961-3F75-B605-99F7D35C7A37} = {58A72724-8CB8-3260-8ADB-0161BCAC3D64}
		{8FCDD6E6-1747-3E1E-BE5B-0B32B58287E3} = {58A72724-8CB8-3260-8ADB-0161BCAC3D64}
		{5A625441-F75F-3362-ABA1-0F54FFB984AF} = {58A72724-8CB8-3260-8ADB-0161BCAC3D64}
		{71B39311-5B32-3776-A19C-43B39F824745} = {58A72724-8CB8-3260-8ADB-0161BCAC3D64}
		{715F1C40-781D-3712-A027-D6779FBF0C88} = {58A72724-8CB8-3260-8ADB-0161BCAC3D64}
		{797806FB-9BB7-3867-AAD7-0B230AAD133F} = {58A72724-8CB8-3260-8ADB-0161BCAC3D64}
		{B6A8CFD9-B5EF-34DB-AC72-49EC1AFE842F} = {58A72724-8CB8-3260-8ADB-0161BCAC3D64}
		{42D24B7D-9188-3178-AB46-682CF23909D9} = {58A72724-8CB8-3260-8ADB-0161BCAC3D64}
		{B4786EC2-771B-399D-8D24-E23D396D1CCE} = {58A72724-8CB8-3260-8ADB-0161BCAC3D64}
		{050F98D5-DE52-37A9-992D-E17FF1CC452E} = {58A72724-8CB8-3260-8ADB-0161BCAC3D64}
		{7CB040F6-A771-3427-9417-2D416D4AD0A2} = {58A72724-8CB8-3260-8ADB-0161BCAC3D64}
		{8554AD56-5332-3DBE-984D-1DE2AD547230} = {58A72724-8CB8-3260-8ADB-0161BCAC3D64}
		{D69E610B-46B1-3CEE-84FF-A069BE094CB0} = {58A72724-8CB8-3260-8ADB-0161BCAC3D64}
		{C6963B69-F95E-30AA-88D1-AA34E204E812} = {63F96FAF-71A6-3DD6-AF0D-64B1504528FF}
		{F4C2938D-2E9F-3717-90E8-8537A4F604E2} = {63F96FAF-71A6-3DD6-AF0D-64B1504528FF}
		{5E35D255-334C-377B-87B8-838970D91B8D} = {63F96FAF-71A6-3DD6-AF0D-64B1504528FF}
		{F1847E4E-44D6-366C-BA8D-D2EEE22A2CD0} = {63F96FAF-71A6-3DD6-AF0D-64B1504528FF}
		{F4A7E1F8-A7E2-3DFF-81B3-79DDB9338E93} = {63F96FAF-71A6-3DD6-AF0D-64B1504528FF}
		{E931119A-06EF-3E66-9D40-1AB8CD982F35} = {63F96FAF-71A6-3DD6-AF0D-64B1504528FF}
		{8FCC7B09-0E03-3D4D-AEDE-3D6273101BB5} = {63F96FAF-71A6-3DD6-AF0D-64B1504528FF}
		{137469B7-AEEB-321C-96B1-BFAD8E639B95} = {63F96FAF-71A6-3DD6-AF0D-64B1504528FF}
		{A962FAAC-581A-3A4A-8BE6-9E61DB264B26} = {63F96FAF-71A6-3DD6-AF0D-64B1504528FF}
	EndGlobalSection
EndGlobal
